cloud.google.com/go v0.0.0-20161227155656-4e436992a513 h1:N5w238OI+d+uUVtPWgYt+A16VOwiPxOCvpspsSYzdPs=
cloud.google.com/go v0.0.0-20161227155656-4e436992a513/go.mod h1:aQUYkXzVsufM+DwF1aE+0xfcU+56JwCaLick0ClmMTw=
github.com/dgryski/go-topk v0.0.0-20150925113624-6b42aca27653 h1:CdiQu1JDNAER51DDK8FmXIkJI/kPAXtwYTXM7G2cxoU=
github.com/dgryski/go-topk v0.0.0-20150925113624-6b42aca27653/go.mod h1:XdUF+2m4elfTD0SvaJqRmv2OxJsC1YUz+7ONws6WOQU=
github.com/golang/protobuf v0.0.0-20161117033126-8ee79997227b h1:fE/yi9pibxGEc0gSJuEShcsBXE2d5FW3OudsjE9tKzQ=
github.com/golang/protobuf v0.0.0-20161117033126-8ee79997227b/go.mod h1:6lQm79b+lXiMfvg/cZm0SGofjICqVBUtrP5yJMmIC1U=
github.com/googleapis/gax-go v0.0.0-20161107002406-da06d194a00e h1:CYRpN206UTHUinz3VJoLaBdy1gEGeJNsqT0mvswDcMw=
github.com/googleapis/gax-go v0.0.0-20161107002406-da06d194a00e/go.mod h1:SFVmujtThgffbyetf+mdk2eWhX2bMyUtNHzFKcPA9HY=
golang.org/x/crypto v0.0.0-20180308185624-c7dcf104e3a7 h1:c9Tyi4qyEZwEJ1+Zm6Fcqf+68wmUdMzfXYTp3s8Nzg8=
golang.org/x/crypto v0.0.0-20180308185624-c7dcf104e3a7/go.mod h1:6SG95UA2DQfeDnfUPMdvaQW0Q7yPrPDi9nlGo2tz2b4=
golang.org/x/net v0.0.0-20180511174649-2491c5de3490 h1:0Q0ESa4hjqMAXX5fW/YoKX7MlU1fWzl2ZNJrv7Yo3ZE=
golang.org/x/net v0.0.0-20180511174649-2491c5de3490/go.mod h1:mL1N/T3taQHkDXs73rZJwtUhF3w3ftmwwsq0BUmARs4=
golang.org/x/oauth2 v0.0.0-20161219192954-314dd2c0bf3e h1:wi2MbNksVg5LWKnh8JcWVRoTvCU8FCXu4ZvWJQ7bERA=
golang.org/x/oauth2 v0.0.0-20161219192954-314dd2c0bf3e/go.mod h1:N/0e6XlmueqKjAGxoOufVs8QHGRruUQn6yWY3a++T0U=
golang.org/x/sync v0.0.0-20181108010431-42b317875d0f h1:Bl/8QSvNqXvPGPGXa2z5xUTmV7VDcZyvRZ+QQXkXTZQ=
golang.org/x/sync v0.0.0-20181108010431-42b317875d0f/go.mod h1:RxMgew5VJxzue5/jJTE5uejpjVlOe/izrB70Jof72aM=
golang.org/x/text v0.3.0 h1:g61tztE5qeGQ89tm6NTjjM9VPIm088od1l6aSorWRWg=
golang.org/x/text v0.3.0/go.mod h1:NqM8EUOU14njkJ3fqMW+pc6Ldnwhi/IjpwHt7yyuwOQ=
google.golang.org/api v0.0.0-20161214193051-55146ba61254 h1:H6DqME3VYWaa+qGDWeic2oen6jbByATtZkapMrh9/YM=
google.golang.org/api v0.0.0-20161214193051-55146ba61254/go.mod h1:4mhQ8q/RsB7i+udVvVy5NUi08OU8ZlA0gRVgrF7VFY0=
google.golang.org/appengine v0.0.0-20160810205538-e951d3868b37 h1:sYy3G7HvXmYGwf1MDAqCjGA8caCaERPFOhu0wlC3uXw=
google.golang.org/appengine v0.0.0-20160810205538-e951d3868b37/go.mod h1:EbEs0AVv82hx2wNQdGPgUI5lhzA/G0D9YwlJXL52JkM=
google.golang.org/genproto v0.0.0-20161215203640-b3e7c2fb0403 h1:5+nGgw4V5phuaUrqoLulpMlFcE5rbLHScpHyoKssXhg=
google.golang.org/genproto v0.0.0-20161215203640-b3e7c2fb0403/go.mod h1:JiN7NxoALGmiZfu7CAH4rXhgtRTLTxftemlI0sWmxmc=
google.golang.org/grpc v0.0.0-20161222001925-9d682f9293b4 h1:Qp2OF2uVwZOpDn6iI6pwgp67L1SjfgBG68BohBiHfWA=
google.golang.org/grpc v0.0.0-20161222001925-9d682f9293b4/go.mod h1:yo6s7OP7yaDglbqo1J04qKzAhqBH6lvTonzMVmEdcZw=
